
Microsoft Visual Studio Solution File, Format Version 12.00
# Visual Studio Version 16
VisualStudioVersion = 16.0.30204.135
MinimumVisualStudioVersion = 10.0.40219.1
Project("{FAE04EC0-301F-11D3-BF4B-00C04F79EFBC}") = "two-arrays-of-names-to-one", "two-arrays-of-names-to-one\two-arrays-of-names-to-one.csproj", "{889F16FF-FC32-43B8-815A-0449ECD62958}"
EndProject
Global
	GlobalSection(SolutionConfigurationPlatforms) = preSolution
		Debug|Any CPU = Debug|Any CPU
		Release|Any CPU = Release|Any CPU
	EndGlobalSection
	GlobalSection(ProjectConfigurationPlatforms) = postSolution
		{889F16FF-FC32-43B8-815A-0449ECD62958}.Debug|Any CPU.ActiveCfg = Debug|Any CPU
		{889F16FF-FC32-43B8-815A-0449ECD62958}.Debug|Any CPU.Build.0 = Debug|Any CPU
		{889F16FF-FC32-43B8-815A-0449ECD62958}.Release|Any CPU.ActiveCfg = Release|Any CPU
		{889F16FF-FC32-43B8-815A-0449ECD62958}.Release|Any CPU.Build.0 = Release|Any CPU
	EndGlobalSection
	GlobalSection(SolutionProperties) = preSolution
		HideSolutionNode = FALSE
	EndGlobalSection
	GlobalSection(ExtensibilityGlobals) = postSolution
		SolutionGuid = {B49C8900-1CE6-42F9-85CF-55040B91399B}
	EndGlobalSection
EndGlobal
