
Microsoft Visual Studio Solution File, Format Version 12.00
# Visual Studio Version 16
VisualStudioVersion = 16.0.30503.244
MinimumVisualStudioVersion = 10.0.40219.1
Project("{FAE04EC0-301F-11D3-BF4B-00C04F79EFBC}") = "BirthdayCakeCandles", "BirthdayCakeCandles\BirthdayCakeCandles.csproj", "{6E1325CF-0ED3-4B55-B491-71F1B66B0F11}"
EndProject
Project("{FAE04EC0-301F-11D3-BF4B-00C04F79EFBC}") = "XUnitTestProject1", "XUnitTestProject1\XUnitTestProject1.csproj", "{3A645D2E-3AB2-4EA8-8CA7-591F83194B3E}"
EndProject
Global
	GlobalSection(SolutionConfigurationPlatforms) = preSolution
		Debug|Any CPU = Debug|Any CPU
		Release|Any CPU = Release|Any CPU
	EndGlobalSection
	GlobalSection(ProjectConfigurationPlatforms) = postSolution
		{6E1325CF-0ED3-4B55-B491-71F1B66B0F11}.Debug|Any CPU.ActiveCfg = Debug|Any CPU
		{6E1325CF-0ED3-4B55-B491-71F1B66B0F11}.Debug|Any CPU.Build.0 = Debug|Any CPU
		{6E1325CF-0ED3-4B55-B491-71F1B66B0F11}.Release|Any CPU.ActiveCfg = Release|Any CPU
		{6E1325CF-0ED3-4B55-B491-71F1B66B0F11}.Release|Any CPU.Build.0 = Release|Any CPU
		{3A645D2E-3AB2-4EA8-8CA7-591F83194B3E}.Debug|Any CPU.ActiveCfg = Debug|Any CPU
		{3A645D2E-3AB2-4EA8-8CA7-591F83194B3E}.Debug|Any CPU.Build.0 = Debug|Any CPU
		{3A645D2E-3AB2-4EA8-8CA7-591F83194B3E}.Release|Any CPU.ActiveCfg = Release|Any CPU
		{3A645D2E-3AB2-4EA8-8CA7-591F83194B3E}.Release|Any CPU.Build.0 = Release|Any CPU
	EndGlobalSection
	GlobalSection(SolutionProperties) = preSolution
		HideSolutionNode = FALSE
	EndGlobalSection
	GlobalSection(ExtensibilityGlobals) = postSolution
		SolutionGuid = {87A582B8-667C-4E3B-9075-0E5DD4230C05}
	EndGlobalSection
EndGlobal
