
Microsoft Visual Studio Solution File, Format Version 12.00
# Visual Studio Version 16
VisualStudioVersion = 16.0.30503.244
MinimumVisualStudioVersion = 10.0.40219.1
Project("{FAE04EC0-301F-11D3-BF4B-00C04F79EFBC}") = "DesignerPdfViewer", "DesignerPdfViewer\DesignerPdfViewer.csproj", "{FA12CFDD-8275-4843-B47E-91362070A275}"
EndProject
Project("{FAE04EC0-301F-11D3-BF4B-00C04F79EFBC}") = "XUnitTestProject1", "XUnitTestProject1\XUnitTestProject1.csproj", "{A10F0C7F-95F2-4F52-B6FC-DBE0330D6C95}"
EndProject
Global
	GlobalSection(SolutionConfigurationPlatforms) = preSolution
		Debug|Any CPU = Debug|Any CPU
		Release|Any CPU = Release|Any CPU
	EndGlobalSection
	GlobalSection(ProjectConfigurationPlatforms) = postSolution
		{FA12CFDD-8275-4843-B47E-91362070A275}.Debug|Any CPU.ActiveCfg = Debug|Any CPU
		{FA12CFDD-8275-4843-B47E-91362070A275}.Debug|Any CPU.Build.0 = Debug|Any CPU
		{FA12CFDD-8275-4843-B47E-91362070A275}.Release|Any CPU.ActiveCfg = Release|Any CPU
		{FA12CFDD-8275-4843-B47E-91362070A275}.Release|Any CPU.Build.0 = Release|Any CPU
		{A10F0C7F-95F2-4F52-B6FC-DBE0330D6C95}.Debug|Any CPU.ActiveCfg = Debug|Any CPU
		{A10F0C7F-95F2-4F52-B6FC-DBE0330D6C95}.Debug|Any CPU.Build.0 = Debug|Any CPU
		{A10F0C7F-95F2-4F52-B6FC-DBE0330D6C95}.Release|Any CPU.ActiveCfg = Release|Any CPU
		{A10F0C7F-95F2-4F52-B6FC-DBE0330D6C95}.Release|Any CPU.Build.0 = Release|Any CPU
	EndGlobalSection
	GlobalSection(SolutionProperties) = preSolution
		HideSolutionNode = FALSE
	EndGlobalSection
	GlobalSection(ExtensibilityGlobals) = postSolution
		SolutionGuid = {1CF46C0D-8926-460B-8949-B263E032E733}
	EndGlobalSection
EndGlobal
