
Microsoft Visual Studio Solution File, Format Version 12.00
# Visual Studio Version 16
VisualStudioVersion = 16.0.30204.135
MinimumVisualStudioVersion = 10.0.40219.1
Project("{9A19103F-16F7-4668-BE54-9A1E7A4F7556}") = "JumpingOnTheClouds", "JumpingOnTheClouds\JumpingOnTheClouds.csproj", "{991F853E-5515-472D-80F8-31A1C2EDC3FD}"
EndProject
Project("{9A19103F-16F7-4668-BE54-9A1E7A4F7556}") = "XUnitTestProject1", "XUnitTestProject1\XUnitTestProject1.csproj", "{97CD0A19-72A1-4E40-AAA6-5C5D04A88413}"
EndProject
Global
	GlobalSection(SolutionConfigurationPlatforms) = preSolution
		Debug|Any CPU = Debug|Any CPU
		Release|Any CPU = Release|Any CPU
	EndGlobalSection
	GlobalSection(ProjectConfigurationPlatforms) = postSolution
		{991F853E-5515-472D-80F8-31A1C2EDC3FD}.Debug|Any CPU.ActiveCfg = Debug|Any CPU
		{991F853E-5515-472D-80F8-31A1C2EDC3FD}.Debug|Any CPU.Build.0 = Debug|Any CPU
		{991F853E-5515-472D-80F8-31A1C2EDC3FD}.Release|Any CPU.ActiveCfg = Release|Any CPU
		{991F853E-5515-472D-80F8-31A1C2EDC3FD}.Release|Any CPU.Build.0 = Release|Any CPU
		{97CD0A19-72A1-4E40-AAA6-5C5D04A88413}.Debug|Any CPU.ActiveCfg = Debug|Any CPU
		{97CD0A19-72A1-4E40-AAA6-5C5D04A88413}.Debug|Any CPU.Build.0 = Debug|Any CPU
		{97CD0A19-72A1-4E40-AAA6-5C5D04A88413}.Release|Any CPU.ActiveCfg = Release|Any CPU
		{97CD0A19-72A1-4E40-AAA6-5C5D04A88413}.Release|Any CPU.Build.0 = Release|Any CPU
	EndGlobalSection
	GlobalSection(SolutionProperties) = preSolution
		HideSolutionNode = FALSE
	EndGlobalSection
	GlobalSection(ExtensibilityGlobals) = postSolution
		SolutionGuid = {F9B92E70-D30F-4DF7-AF5B-AE1163DD71C8}
	EndGlobalSection
EndGlobal
