
Microsoft Visual Studio Solution File, Format Version 12.00
# Visual Studio Version 16
VisualStudioVersion = 16.0.30204.135
MinimumVisualStudioVersion = 10.0.40219.1
Project("{9A19103F-16F7-4668-BE54-9A1E7A4F7556}") = "CircularQueue", "CircularQueue\CircularQueue.csproj", "{34BAC114-E2CB-4FC4-A8A6-990E474A14AF}"
EndProject
Project("{FAE04EC0-301F-11D3-BF4B-00C04F79EFBC}") = "XUnitTestProject1", "XUnitTestProject1\XUnitTestProject1.csproj", "{75E2B6A9-473B-4649-B220-D31B4BC6BC6E}"
EndProject
Global
	GlobalSection(SolutionConfigurationPlatforms) = preSolution
		Debug|Any CPU = Debug|Any CPU
		Release|Any CPU = Release|Any CPU
	EndGlobalSection
	GlobalSection(ProjectConfigurationPlatforms) = postSolution
		{34BAC114-E2CB-4FC4-A8A6-990E474A14AF}.Debug|Any CPU.ActiveCfg = Debug|Any CPU
		{34BAC114-E2CB-4FC4-A8A6-990E474A14AF}.Debug|Any CPU.Build.0 = Debug|Any CPU
		{34BAC114-E2CB-4FC4-A8A6-990E474A14AF}.Release|Any CPU.ActiveCfg = Release|Any CPU
		{34BAC114-E2CB-4FC4-A8A6-990E474A14AF}.Release|Any CPU.Build.0 = Release|Any CPU
		{75E2B6A9-473B-4649-B220-D31B4BC6BC6E}.Debug|Any CPU.ActiveCfg = Debug|Any CPU
		{75E2B6A9-473B-4649-B220-D31B4BC6BC6E}.Debug|Any CPU.Build.0 = Debug|Any CPU
		{75E2B6A9-473B-4649-B220-D31B4BC6BC6E}.Release|Any CPU.ActiveCfg = Release|Any CPU
		{75E2B6A9-473B-4649-B220-D31B4BC6BC6E}.Release|Any CPU.Build.0 = Release|Any CPU
	EndGlobalSection
	GlobalSection(SolutionProperties) = preSolution
		HideSolutionNode = FALSE
	EndGlobalSection
	GlobalSection(ExtensibilityGlobals) = postSolution
		SolutionGuid = {9A07E186-E037-4240-B86D-41793D65D5C8}
	EndGlobalSection
EndGlobal
