
Microsoft Visual Studio Solution File, Format Version 12.00
# Visual Studio Version 16
VisualStudioVersion = 16.0.30503.244
MinimumVisualStudioVersion = 10.0.40219.1
Project("{FAE04EC0-301F-11D3-BF4B-00C04F79EFBC}") = "CertPractice1", "CertPractice1\CertPractice1.csproj", "{94302BFA-3E4E-476D-98CD-6CC789F2BB12}"
EndProject
Global
	GlobalSection(SolutionConfigurationPlatforms) = preSolution
		Debug|Any CPU = Debug|Any CPU
		Release|Any CPU = Release|Any CPU
	EndGlobalSection
	GlobalSection(ProjectConfigurationPlatforms) = postSolution
		{94302BFA-3E4E-476D-98CD-6CC789F2BB12}.Debug|Any CPU.ActiveCfg = Debug|Any CPU
		{94302BFA-3E4E-476D-98CD-6CC789F2BB12}.Debug|Any CPU.Build.0 = Debug|Any CPU
		{94302BFA-3E4E-476D-98CD-6CC789F2BB12}.Release|Any CPU.ActiveCfg = Release|Any CPU
		{94302BFA-3E4E-476D-98CD-6CC789F2BB12}.Release|Any CPU.Build.0 = Release|Any CPU
	EndGlobalSection
	GlobalSection(SolutionProperties) = preSolution
		HideSolutionNode = FALSE
	EndGlobalSection
	GlobalSection(ExtensibilityGlobals) = postSolution
		SolutionGuid = {4211C2D2-AC57-4B14-955D-623DE2223CD0}
	EndGlobalSection
EndGlobal
