
Microsoft Visual Studio Solution File, Format Version 12.00
# Visual Studio Version 16
VisualStudioVersion = 16.0.30204.135
MinimumVisualStudioVersion = 10.0.40219.1
Project("{FAE04EC0-301F-11D3-BF4B-00C04F79EFBC}") = "Rotate180Degrees", "Rotate180Degrees\Rotate180Degrees.csproj", "{DA7946EC-E427-4D20-BBEF-A3AFF9089214}"
EndProject
Global
	GlobalSection(SolutionConfigurationPlatforms) = preSolution
		Debug|Any CPU = Debug|Any CPU
		Release|Any CPU = Release|Any CPU
	EndGlobalSection
	GlobalSection(ProjectConfigurationPlatforms) = postSolution
		{DA7946EC-E427-4D20-BBEF-A3AFF9089214}.Debug|Any CPU.ActiveCfg = Debug|Any CPU
		{DA7946EC-E427-4D20-BBEF-A3AFF9089214}.Debug|Any CPU.Build.0 = Debug|Any CPU
		{DA7946EC-E427-4D20-BBEF-A3AFF9089214}.Release|Any CPU.ActiveCfg = Release|Any CPU
		{DA7946EC-E427-4D20-BBEF-A3AFF9089214}.Release|Any CPU.Build.0 = Release|Any CPU
	EndGlobalSection
	GlobalSection(SolutionProperties) = preSolution
		HideSolutionNode = FALSE
	EndGlobalSection
	GlobalSection(ExtensibilityGlobals) = postSolution
		SolutionGuid = {F0AB31BE-727B-4ED6-B450-34BC070D6177}
	EndGlobalSection
EndGlobal
