
Microsoft Visual Studio Solution File, Format Version 12.00
# Visual Studio Version 16
VisualStudioVersion = 16.0.30204.135
MinimumVisualStudioVersion = 10.0.40219.1
Project("{FAE04EC0-301F-11D3-BF4B-00C04F79EFBC}") = "ElectronicsStore", "ElectronicsStore\ElectronicsStore.csproj", "{AF48102B-4733-4F1A-9194-82D155778DB3}"
EndProject
Project("{FAE04EC0-301F-11D3-BF4B-00C04F79EFBC}") = "XUnitTestProject1", "XUnitTestProject1\XUnitTestProject1.csproj", "{0953E4B3-608C-46EF-80A5-75E4D0A091F3}"
EndProject
Global
	GlobalSection(SolutionConfigurationPlatforms) = preSolution
		Debug|Any CPU = Debug|Any CPU
		Release|Any CPU = Release|Any CPU
	EndGlobalSection
	GlobalSection(ProjectConfigurationPlatforms) = postSolution
		{AF48102B-4733-4F1A-9194-82D155778DB3}.Debug|Any CPU.ActiveCfg = Debug|Any CPU
		{AF48102B-4733-4F1A-9194-82D155778DB3}.Debug|Any CPU.Build.0 = Debug|Any CPU
		{AF48102B-4733-4F1A-9194-82D155778DB3}.Release|Any CPU.ActiveCfg = Release|Any CPU
		{AF48102B-4733-4F1A-9194-82D155778DB3}.Release|Any CPU.Build.0 = Release|Any CPU
		{0953E4B3-608C-46EF-80A5-75E4D0A091F3}.Debug|Any CPU.ActiveCfg = Debug|Any CPU
		{0953E4B3-608C-46EF-80A5-75E4D0A091F3}.Debug|Any CPU.Build.0 = Debug|Any CPU
		{0953E4B3-608C-46EF-80A5-75E4D0A091F3}.Release|Any CPU.ActiveCfg = Release|Any CPU
		{0953E4B3-608C-46EF-80A5-75E4D0A091F3}.Release|Any CPU.Build.0 = Release|Any CPU
	EndGlobalSection
	GlobalSection(SolutionProperties) = preSolution
		HideSolutionNode = FALSE
	EndGlobalSection
	GlobalSection(ExtensibilityGlobals) = postSolution
		SolutionGuid = {B56D7BC2-DAE4-497F-924F-792B68D5D751}
	EndGlobalSection
EndGlobal
