
Microsoft Visual Studio Solution File, Format Version 12.00
# Visual Studio Version 16
VisualStudioVersion = 16.0.30204.135
MinimumVisualStudioVersion = 10.0.40219.1
Project("{FAE04EC0-301F-11D3-BF4B-00C04F79EFBC}") = "Reverse-Integer", "Reverse-Integer\Reverse-Integer.csproj", "{F849188B-CCFF-4D28-9AE8-09042F6BAAFC}"
EndProject
Global
	GlobalSection(SolutionConfigurationPlatforms) = preSolution
		Debug|Any CPU = Debug|Any CPU
		Release|Any CPU = Release|Any CPU
	EndGlobalSection
	GlobalSection(ProjectConfigurationPlatforms) = postSolution
		{F849188B-CCFF-4D28-9AE8-09042F6BAAFC}.Debug|Any CPU.ActiveCfg = Debug|Any CPU
		{F849188B-CCFF-4D28-9AE8-09042F6BAAFC}.Debug|Any CPU.Build.0 = Debug|Any CPU
		{F849188B-CCFF-4D28-9AE8-09042F6BAAFC}.Release|Any CPU.ActiveCfg = Release|Any CPU
		{F849188B-CCFF-4D28-9AE8-09042F6BAAFC}.Release|Any CPU.Build.0 = Release|Any CPU
	EndGlobalSection
	GlobalSection(SolutionProperties) = preSolution
		HideSolutionNode = FALSE
	EndGlobalSection
	GlobalSection(ExtensibilityGlobals) = postSolution
		SolutionGuid = {51733E50-F0E0-48D4-BBF2-8557212F3383}
	EndGlobalSection
EndGlobal
